
Microsoft Visual Studio Solution File, Format Version 12.00
Project("{FAE04EC0-301F-11D3-BF4B-00C04F79EFBC}") = "FieldLogic.Web", "FieldLogic.Web\FieldLogic.Web\FieldLogic.Web.csproj", "{4AE2ED69-8F31-4E91-950D-81EF09F1F166}"
EndProject
Project("{FAE04EC0-301F-11D3-BF4B-00C04F79EFBC}") = "FieldLogic.Web.Client", "FieldLogic.Web\FieldLogic.Web.Client\FieldLogic.Web.Client.csproj", "{23D18269-8E84-416B-8DC9-074A7833E8D1}"
EndProject
Project("{FAE04EC0-301F-11D3-BF4B-00C04F79EFBC}") = "FieldLogic.Shared", "FieldLogic.Shared\FieldLogic.Shared.csproj", "{CAB07EA1-B6B9-40B7-A517-C6F4CC6BDFBC}"
EndProject
Project("{FAE04EC0-301F-11D3-BF4B-00C04F79EFBC}") = "FieldLogic.App", "FieldLogic.App\FieldLogic.App.csproj", "{B1F4B144-0AC1-4FA4-9A0B-170EF7A04BE2}"
EndProject
Global
	GlobalSection(SolutionConfigurationPlatforms) = preSolution
		Debug|Any CPU = Debug|Any CPU
		Debug|x64 = Debug|x64
		Debug|x86 = Debug|x86
		Release|Any CPU = Release|Any CPU
		Release|x64 = Release|x64
		Release|x86 = Release|x86
	EndGlobalSection
	GlobalSection(ProjectConfigurationPlatforms) = postSolution
		{4AE2ED69-8F31-4E91-950D-81EF09F1F166}.Debug|Any CPU.ActiveCfg = Debug|Any CPU
		{4AE2ED69-8F31-4E91-950D-81EF09F1F166}.Debug|Any CPU.Build.0 = Debug|Any CPU
		{4AE2ED69-8F31-4E91-950D-81EF09F1F166}.Debug|x64.ActiveCfg = Debug|Any CPU
		{4AE2ED69-8F31-4E91-950D-81EF09F1F166}.Debug|x64.Build.0 = Debug|Any CPU
		{4AE2ED69-8F31-4E91-950D-81EF09F1F166}.Debug|x86.ActiveCfg = Debug|Any CPU
		{4AE2ED69-8F31-4E91-950D-81EF09F1F166}.Debug|x86.Build.0 = Debug|Any CPU
		{4AE2ED69-8F31-4E91-950D-81EF09F1F166}.Release|Any CPU.ActiveCfg = Release|Any CPU
		{4AE2ED69-8F31-4E91-950D-81EF09F1F166}.Release|Any CPU.Build.0 = Release|Any CPU
		{4AE2ED69-8F31-4E91-950D-81EF09F1F166}.Release|x64.ActiveCfg = Release|Any CPU
		{4AE2ED69-8F31-4E91-950D-81EF09F1F166}.Release|x64.Build.0 = Release|Any CPU
		{4AE2ED69-8F31-4E91-950D-81EF09F1F166}.Release|x86.ActiveCfg = Release|Any CPU
		{4AE2ED69-8F31-4E91-950D-81EF09F1F166}.Release|x86.Build.0 = Release|Any CPU
		{23D18269-8E84-416B-8DC9-074A7833E8D1}.Debug|Any CPU.ActiveCfg = Debug|Any CPU
		{23D18269-8E84-416B-8DC9-074A7833E8D1}.Debug|Any CPU.Build.0 = Debug|Any CPU
		{23D18269-8E84-416B-8DC9-074A7833E8D1}.Debug|x64.ActiveCfg = Debug|Any CPU
		{23D18269-8E84-416B-8DC9-074A7833E8D1}.Debug|x64.Build.0 = Debug|Any CPU
		{23D18269-8E84-416B-8DC9-074A7833E8D1}.Debug|x86.ActiveCfg = Debug|Any CPU
		{23D18269-8E84-416B-8DC9-074A7833E8D1}.Debug|x86.Build.0 = Debug|Any CPU
		{23D18269-8E84-416B-8DC9-074A7833E8D1}.Release|Any CPU.ActiveCfg = Release|Any CPU
		{23D18269-8E84-416B-8DC9-074A7833E8D1}.Release|Any CPU.Build.0 = Release|Any CPU
		{23D18269-8E84-416B-8DC9-074A7833E8D1}.Release|x64.ActiveCfg = Release|Any CPU
		{23D18269-8E84-416B-8DC9-074A7833E8D1}.Release|x64.Build.0 = Release|Any CPU
		{23D18269-8E84-416B-8DC9-074A7833E8D1}.Release|x86.ActiveCfg = Release|Any CPU
		{23D18269-8E84-416B-8DC9-074A7833E8D1}.Release|x86.Build.0 = Release|Any CPU
		{CAB07EA1-B6B9-40B7-A517-C6F4CC6BDFBC}.Debug|Any CPU.ActiveCfg = Debug|Any CPU
		{CAB07EA1-B6B9-40B7-A517-C6F4CC6BDFBC}.Debug|Any CPU.Build.0 = Debug|Any CPU
		{CAB07EA1-B6B9-40B7-A517-C6F4CC6BDFBC}.Debug|x64.ActiveCfg = Debug|Any CPU
		{CAB07EA1-B6B9-40B7-A517-C6F4CC6BDFBC}.Debug|x64.Build.0 = Debug|Any CPU
		{CAB07EA1-B6B9-40B7-A517-C6F4CC6BDFBC}.Debug|x86.ActiveCfg = Debug|Any CPU
		{CAB07EA1-B6B9-40B7-A517-C6F4CC6BDFBC}.Debug|x86.Build.0 = Debug|Any CPU
		{CAB07EA1-B6B9-40B7-A517-C6F4CC6BDFBC}.Release|Any CPU.ActiveCfg = Release|Any CPU
		{CAB07EA1-B6B9-40B7-A517-C6F4CC6BDFBC}.Release|Any CPU.Build.0 = Release|Any CPU
		{CAB07EA1-B6B9-40B7-A517-C6F4CC6BDFBC}.Release|x64.ActiveCfg = Release|Any CPU
		{CAB07EA1-B6B9-40B7-A517-C6F4CC6BDFBC}.Release|x64.Build.0 = Release|Any CPU
		{CAB07EA1-B6B9-40B7-A517-C6F4CC6BDFBC}.Release|x86.ActiveCfg = Release|Any CPU
		{CAB07EA1-B6B9-40B7-A517-C6F4CC6BDFBC}.Release|x86.Build.0 = Release|Any CPU
		{B1F4B144-0AC1-4FA4-9A0B-170EF7A04BE2}.Debug|Any CPU.ActiveCfg = Debug|Any CPU
		{B1F4B144-0AC1-4FA4-9A0B-170EF7A04BE2}.Debug|Any CPU.Build.0 = Debug|Any CPU
		{B1F4B144-0AC1-4FA4-9A0B-170EF7A04BE2}.Debug|x64.ActiveCfg = Debug|Any CPU
		{B1F4B144-0AC1-4FA4-9A0B-170EF7A04BE2}.Debug|x64.Build.0 = Debug|Any CPU
		{B1F4B144-0AC1-4FA4-9A0B-170EF7A04BE2}.Debug|x86.ActiveCfg = Debug|Any CPU
		{B1F4B144-0AC1-4FA4-9A0B-170EF7A04BE2}.Debug|x86.Build.0 = Debug|Any CPU
		{B1F4B144-0AC1-4FA4-9A0B-170EF7A04BE2}.Release|Any CPU.ActiveCfg = Release|Any CPU
		{B1F4B144-0AC1-4FA4-9A0B-170EF7A04BE2}.Release|Any CPU.Build.0 = Release|Any CPU
		{B1F4B144-0AC1-4FA4-9A0B-170EF7A04BE2}.Release|x64.ActiveCfg = Release|Any CPU
		{B1F4B144-0AC1-4FA4-9A0B-170EF7A04BE2}.Release|x64.Build.0 = Release|Any CPU
		{B1F4B144-0AC1-4FA4-9A0B-170EF7A04BE2}.Release|x86.ActiveCfg = Release|Any CPU
		{B1F4B144-0AC1-4FA4-9A0B-170EF7A04BE2}.Release|x86.Build.0 = Release|Any CPU
	EndGlobalSection
	GlobalSection(SolutionProperties) = preSolution
		HideSolutionNode = FALSE
	EndGlobalSection
EndGlobal
